
Microsoft Visual Studio Solution File, Format Version 12.00
# Visual Studio Version 17
VisualStudioVersion = 17.10.35122.118
MinimumVisualStudioVersion = 10.0.40219.1
Project("{FAE04EC0-301F-11D3-BF4B-00C04F79EFBC}") = "Avoider", "Avoider\Avoider.csproj", "{60128FBC-A615-46D0-BF05-D9CE62E39116}"
EndProject
Global
	GlobalSection(SolutionConfigurationPlatforms) = preSolution
		Debug|Any CPU = Debug|Any CPU
		Release|Any CPU = Release|Any CPU
	EndGlobalSection
	GlobalSection(ProjectConfigurationPlatforms) = postSolution
		{60128FBC-A615-46D0-BF05-D9CE62E39116}.Debug|Any CPU.ActiveCfg = Debug|Any CPU
		{60128FBC-A615-46D0-BF05-D9CE62E39116}.Debug|Any CPU.Build.0 = Debug|Any CPU
		{60128FBC-A615-46D0-BF05-D9CE62E39116}.Release|Any CPU.ActiveCfg = Release|Any CPU
		{60128FBC-A615-46D0-BF05-D9CE62E39116}.Release|Any CPU.Build.0 = Release|Any CPU
	EndGlobalSection
	GlobalSection(SolutionProperties) = preSolution
		HideSolutionNode = FALSE
	EndGlobalSection
	GlobalSection(ExtensibilityGlobals) = postSolution
		SolutionGuid = {8A8CBB0B-85CF-483C-8680-7D3454D54A46}
	EndGlobalSection
EndGlobal
