
Microsoft Visual Studio Solution File, Format Version 12.00
# Visual Studio 15
Project("{FAE04EC0-301F-11D3-BF4B-00C04F79EFBC}") = "Unity.Timeline", "Unity.Timeline.csproj", "{C1E63E0A-AFDC-99A5-BA9C-6D15CECE3FA4}"
EndProject
Project("{FAE04EC0-301F-11D3-BF4B-00C04F79EFBC}") = "Unity.Timeline.Editor", "Unity.Timeline.Editor.csproj", "{6671697F-60BB-EC8F-4B95-4E205A8790CD}"
EndProject
Project("{FAE04EC0-301F-11D3-BF4B-00C04F79EFBC}") = "Unity.TextMeshPro.Editor", "Unity.TextMeshPro.Editor.csproj", "{59FCE215-C1CC-8C5A-15C2-E5E5E22DF752}"
EndProject
Project("{FAE04EC0-301F-11D3-BF4B-00C04F79EFBC}") = "Unity.VisualScripting.Flow", "Unity.VisualScripting.Flow.csproj", "{C7A4C37F-C6E8-B743-BE61-9630352A7EF9}"
EndProject
Project("{FAE04EC0-301F-11D3-BF4B-00C04F79EFBC}") = "UnityEditor.UI", "UnityEditor.UI.csproj", "{95D2A54E-5B1B-7052-8DC5-DD7925F561C2}"
EndProject
Project("{FAE04EC0-301F-11D3-BF4B-00C04F79EFBC}") = "Unity.PlasticSCM.Editor", "Unity.PlasticSCM.Editor.csproj", "{11060704-9CB7-BCBB-E84F-FC412ECD30EA}"
EndProject
Project("{FAE04EC0-301F-11D3-BF4B-00C04F79EFBC}") = "Unity.VisualScripting.Core", "Unity.VisualScripting.Core.csproj", "{E64E0151-8F69-624A-A3B8-71BBF70D88B3}"
EndProject
Project("{FAE04EC0-301F-11D3-BF4B-00C04F79EFBC}") = "Unity.VisualScripting.Core.Editor", "Unity.VisualScripting.Core.Editor.csproj", "{2C2B2330-AC61-1640-2D58-C33ECF3CD964}"
EndProject
Project("{FAE04EC0-301F-11D3-BF4B-00C04F79EFBC}") = "Unity.VisualScripting.Flow.Editor", "Unity.VisualScripting.Flow.Editor.csproj", "{C464944E-ABE4-CB25-746B-9AF4B262EDD7}"
EndProject
Project("{FAE04EC0-301F-11D3-BF4B-00C04F79EFBC}") = "UnityEditor.TestRunner", "UnityEditor.TestRunner.csproj", "{D4E6EE0D-EFB9-AEA7-6ACA-06F01E9301EA}"
EndProject
Project("{FAE04EC0-301F-11D3-BF4B-00C04F79EFBC}") = "Unity.VisualScripting.SettingsProvider.Editor", "Unity.VisualScripting.SettingsProvider.Editor.csproj", "{A5A595D9-8B57-B7EA-E4C6-9F6F334244F6}"
EndProject
Project("{FAE04EC0-301F-11D3-BF4B-00C04F79EFBC}") = "UnityEngine.TestRunner", "UnityEngine.TestRunner.csproj", "{479D4A67-9EEF-83CA-CA41-36F9E3F5469F}"
EndProject
Project("{FAE04EC0-301F-11D3-BF4B-00C04F79EFBC}") = "UnityEngine.UI", "UnityEngine.UI.csproj", "{CD04B2DD-9684-CB98-99AC-83CC72CB1A6B}"
EndProject
Project("{FAE04EC0-301F-11D3-BF4B-00C04F79EFBC}") = "Unity.VisualStudio.Editor", "Unity.VisualStudio.Editor.csproj", "{96D950D7-B4F4-70C4-CEEC-3962F0C93528}"
EndProject
Project("{FAE04EC0-301F-11D3-BF4B-00C04F79EFBC}") = "Unity.TestTools.CodeCoverage.Editor.OpenCover.Model", "Unity.TestTools.CodeCoverage.Editor.OpenCover.Model.csproj", "{DD1A8D08-502F-CE9B-3BBF-158653BADC49}"
EndProject
Project("{FAE04EC0-301F-11D3-BF4B-00C04F79EFBC}") = "Unity.Rider.Editor", "Unity.Rider.Editor.csproj", "{7F267402-E47A-D9BD-5B1A-A1B107815D89}"
EndProject
Project("{FAE04EC0-301F-11D3-BF4B-00C04F79EFBC}") = "Unity.VisualScripting.State.Editor", "Unity.VisualScripting.State.Editor.csproj", "{C68E7B5E-6C99-9344-FE48-C0B844179797}"
EndProject
Project("{FAE04EC0-301F-11D3-BF4B-00C04F79EFBC}") = "Unity.TestTools.CodeCoverage.Editor", "Unity.TestTools.CodeCoverage.Editor.csproj", "{21E8C8D4-9BEE-11E8-CA44-02B6439B9E1E}"
EndProject
Project("{FAE04EC0-301F-11D3-BF4B-00C04F79EFBC}") = "Unity.VisualScripting.State", "Unity.VisualScripting.State.csproj", "{388A7BF1-BDC0-5B46-EED7-3B9275BB2A4A}"
EndProject
Project("{FAE04EC0-301F-11D3-BF4B-00C04F79EFBC}") = "Unity.TextMeshPro", "Unity.TextMeshPro.csproj", "{B46DD5D6-2F58-0F38-B0ED-D4C19DBB2F7D}"
EndProject
Project("{FAE04EC0-301F-11D3-BF4B-00C04F79EFBC}") = "Unity.Performance.Profile-Analyzer.Editor", "Unity.Performance.Profile-Analyzer.Editor.csproj", "{3E12CA6A-A39B-1057-5B34-8F99AF28DA9D}"
EndProject
Project("{FAE04EC0-301F-11D3-BF4B-00C04F79EFBC}") = "Unity.VSCode.Editor", "Unity.VSCode.Editor.csproj", "{8070A55B-6F1A-2149-7E34-88CA3A44E4A2}"
EndProject
Project("{FAE04EC0-301F-11D3-BF4B-00C04F79EFBC}") = "Unity.TestTools.CodeCoverage.Editor.OpenCover.Mono.Reflection", "Unity.TestTools.CodeCoverage.Editor.OpenCover.Mono.Reflection.csproj", "{A2BAA574-D0C2-88E7-F591-6E9B189D37B3}"
EndProject
Project("{FAE04EC0-301F-11D3-BF4B-00C04F79EFBC}") = "Unity.Settings.Editor", "Unity.Settings.Editor.csproj", "{16CC4846-E092-E9E0-F412-E9994AECDBCF}"
EndProject
Project("{FAE04EC0-301F-11D3-BF4B-00C04F79EFBC}") = "Unity.EditorCoroutines.Editor", "Unity.EditorCoroutines.Editor.csproj", "{AB7945ED-C318-2CA1-2EAD-57569DF2737F}"
EndProject
Project("{FAE04EC0-301F-11D3-BF4B-00C04F79EFBC}") = "Unity.VisualScripting.Shared.Editor", "Unity.VisualScripting.Shared.Editor.csproj", "{65D7228B-DDB9-AD06-0A3E-F046A604FEE8}"
EndProject
Project("{FAE04EC0-301F-11D3-BF4B-00C04F79EFBC}") = "Unity.CollabProxy.Editor", "Unity.CollabProxy.Editor.csproj", "{B58F9196-6F09-DAAC-A380-2BADD1AB77A5}"
EndProject
Global
	GlobalSection(SolutionConfigurationPlatforms) = preSolution
		Debug|Any CPU = Debug|Any CPU
		Release|Any CPU = Release|Any CPU
	EndGlobalSection
	GlobalSection(ProjectConfigurationPlatforms) = postSolution
		{C1E63E0A-AFDC-99A5-BA9C-6D15CECE3FA4}.Debug|Any CPU.ActiveCfg = Debug|Any CPU
		{C1E63E0A-AFDC-99A5-BA9C-6D15CECE3FA4}.Debug|Any CPU.Build.0 = Debug|Any CPU
		{C1E63E0A-AFDC-99A5-BA9C-6D15CECE3FA4}.Release|Any CPU.ActiveCfg = Release|Any CPU
		{C1E63E0A-AFDC-99A5-BA9C-6D15CECE3FA4}.Release|Any CPU.Build.0 = Release|Any CPU
		{6671697F-60BB-EC8F-4B95-4E205A8790CD}.Debug|Any CPU.ActiveCfg = Debug|Any CPU
		{6671697F-60BB-EC8F-4B95-4E205A8790CD}.Debug|Any CPU.Build.0 = Debug|Any CPU
		{6671697F-60BB-EC8F-4B95-4E205A8790CD}.Release|Any CPU.ActiveCfg = Release|Any CPU
		{6671697F-60BB-EC8F-4B95-4E205A8790CD}.Release|Any CPU.Build.0 = Release|Any CPU
		{59FCE215-C1CC-8C5A-15C2-E5E5E22DF752}.Debug|Any CPU.ActiveCfg = Debug|Any CPU
		{59FCE215-C1CC-8C5A-15C2-E5E5E22DF752}.Debug|Any CPU.Build.0 = Debug|Any CPU
		{59FCE215-C1CC-8C5A-15C2-E5E5E22DF752}.Release|Any CPU.ActiveCfg = Release|Any CPU
		{59FCE215-C1CC-8C5A-15C2-E5E5E22DF752}.Release|Any CPU.Build.0 = Release|Any CPU
		{C7A4C37F-C6E8-B743-BE61-9630352A7EF9}.Debug|Any CPU.ActiveCfg = Debug|Any CPU
		{C7A4C37F-C6E8-B743-BE61-9630352A7EF9}.Debug|Any CPU.Build.0 = Debug|Any CPU
		{C7A4C37F-C6E8-B743-BE61-9630352A7EF9}.Release|Any CPU.ActiveCfg = Release|Any CPU
		{C7A4C37F-C6E8-B743-BE61-9630352A7EF9}.Release|Any CPU.Build.0 = Release|Any CPU
		{95D2A54E-5B1B-7052-8DC5-DD7925F561C2}.Debug|Any CPU.ActiveCfg = Debug|Any CPU
		{95D2A54E-5B1B-7052-8DC5-DD7925F561C2}.Debug|Any CPU.Build.0 = Debug|Any CPU
		{95D2A54E-5B1B-7052-8DC5-DD7925F561C2}.Release|Any CPU.ActiveCfg = Release|Any CPU
		{95D2A54E-5B1B-7052-8DC5-DD7925F561C2}.Release|Any CPU.Build.0 = Release|Any CPU
		{11060704-9CB7-BCBB-E84F-FC412ECD30EA}.Debug|Any CPU.ActiveCfg = Debug|Any CPU
		{11060704-9CB7-BCBB-E84F-FC412ECD30EA}.Debug|Any CPU.Build.0 = Debug|Any CPU
		{11060704-9CB7-BCBB-E84F-FC412ECD30EA}.Release|Any CPU.ActiveCfg = Release|Any CPU
		{11060704-9CB7-BCBB-E84F-FC412ECD30EA}.Release|Any CPU.Build.0 = Release|Any CPU
		{E64E0151-8F69-624A-A3B8-71BBF70D88B3}.Debug|Any CPU.ActiveCfg = Debug|Any CPU
		{E64E0151-8F69-624A-A3B8-71BBF70D88B3}.Debug|Any CPU.Build.0 = Debug|Any CPU
		{E64E0151-8F69-624A-A3B8-71BBF70D88B3}.Release|Any CPU.ActiveCfg = Release|Any CPU
		{E64E0151-8F69-624A-A3B8-71BBF70D88B3}.Release|Any CPU.Build.0 = Release|Any CPU
		{2C2B2330-AC61-1640-2D58-C33ECF3CD964}.Debug|Any CPU.ActiveCfg = Debug|Any CPU
		{2C2B2330-AC61-1640-2D58-C33ECF3CD964}.Debug|Any CPU.Build.0 = Debug|Any CPU
		{2C2B2330-AC61-1640-2D58-C33ECF3CD964}.Release|Any CPU.ActiveCfg = Release|Any CPU
		{2C2B2330-AC61-1640-2D58-C33ECF3CD964}.Release|Any CPU.Build.0 = Release|Any CPU
		{C464944E-ABE4-CB25-746B-9AF4B262EDD7}.Debug|Any CPU.ActiveCfg = Debug|Any CPU
		{C464944E-ABE4-CB25-746B-9AF4B262EDD7}.Debug|Any CPU.Build.0 = Debug|Any CPU
		{C464944E-ABE4-CB25-746B-9AF4B262EDD7}.Release|Any CPU.ActiveCfg = Release|Any CPU
		{C464944E-ABE4-CB25-746B-9AF4B262EDD7}.Release|Any CPU.Build.0 = Release|Any CPU
		{D4E6EE0D-EFB9-AEA7-6ACA-06F01E9301EA}.Debug|Any CPU.ActiveCfg = Debug|Any CPU
		{D4E6EE0D-EFB9-AEA7-6ACA-06F01E9301EA}.Debug|Any CPU.Build.0 = Debug|Any CPU
		{D4E6EE0D-EFB9-AEA7-6ACA-06F01E9301EA}.Release|Any CPU.ActiveCfg = Release|Any CPU
		{D4E6EE0D-EFB9-AEA7-6ACA-06F01E9301EA}.Release|Any CPU.Build.0 = Release|Any CPU
		{A5A595D9-8B57-B7EA-E4C6-9F6F334244F6}.Debug|Any CPU.ActiveCfg = Debug|Any CPU
		{A5A595D9-8B57-B7EA-E4C6-9F6F334244F6}.Debug|Any CPU.Build.0 = Debug|Any CPU
		{A5A595D9-8B57-B7EA-E4C6-9F6F334244F6}.Release|Any CPU.ActiveCfg = Release|Any CPU
		{A5A595D9-8B57-B7EA-E4C6-9F6F334244F6}.Release|Any CPU.Build.0 = Release|Any CPU
		{479D4A67-9EEF-83CA-CA41-36F9E3F5469F}.Debug|Any CPU.ActiveCfg = Debug|Any CPU
		{479D4A67-9EEF-83CA-CA41-36F9E3F5469F}.Debug|Any CPU.Build.0 = Debug|Any CPU
		{479D4A67-9EEF-83CA-CA41-36F9E3F5469F}.Release|Any CPU.ActiveCfg = Release|Any CPU
		{479D4A67-9EEF-83CA-CA41-36F9E3F5469F}.Release|Any CPU.Build.0 = Release|Any CPU
		{CD04B2DD-9684-CB98-99AC-83CC72CB1A6B}.Debug|Any CPU.ActiveCfg = Debug|Any CPU
		{CD04B2DD-9684-CB98-99AC-83CC72CB1A6B}.Debug|Any CPU.Build.0 = Debug|Any CPU
		{CD04B2DD-9684-CB98-99AC-83CC72CB1A6B}.Release|Any CPU.ActiveCfg = Release|Any CPU
		{CD04B2DD-9684-CB98-99AC-83CC72CB1A6B}.Release|Any CPU.Build.0 = Release|Any CPU
		{96D950D7-B4F4-70C4-CEEC-3962F0C93528}.Debug|Any CPU.ActiveCfg = Debug|Any CPU
		{96D950D7-B4F4-70C4-CEEC-3962F0C93528}.Debug|Any CPU.Build.0 = Debug|Any CPU
		{96D950D7-B4F4-70C4-CEEC-3962F0C93528}.Release|Any CPU.ActiveCfg = Release|Any CPU
		{96D950D7-B4F4-70C4-CEEC-3962F0C93528}.Release|Any CPU.Build.0 = Release|Any CPU
		{DD1A8D08-502F-CE9B-3BBF-158653BADC49}.Debug|Any CPU.ActiveCfg = Debug|Any CPU
		{DD1A8D08-502F-CE9B-3BBF-158653BADC49}.Debug|Any CPU.Build.0 = Debug|Any CPU
		{DD1A8D08-502F-CE9B-3BBF-158653BADC49}.Release|Any CPU.ActiveCfg = Release|Any CPU
		{DD1A8D08-502F-CE9B-3BBF-158653BADC49}.Release|Any CPU.Build.0 = Release|Any CPU
		{7F267402-E47A-D9BD-5B1A-A1B107815D89}.Debug|Any CPU.ActiveCfg = Debug|Any CPU
		{7F267402-E47A-D9BD-5B1A-A1B107815D89}.Debug|Any CPU.Build.0 = Debug|Any CPU
		{7F267402-E47A-D9BD-5B1A-A1B107815D89}.Release|Any CPU.ActiveCfg = Release|Any CPU
		{7F267402-E47A-D9BD-5B1A-A1B107815D89}.Release|Any CPU.Build.0 = Release|Any CPU
		{C68E7B5E-6C99-9344-FE48-C0B844179797}.Debug|Any CPU.ActiveCfg = Debug|Any CPU
		{C68E7B5E-6C99-9344-FE48-C0B844179797}.Debug|Any CPU.Build.0 = Debug|Any CPU
		{C68E7B5E-6C99-9344-FE48-C0B844179797}.Release|Any CPU.ActiveCfg = Release|Any CPU
		{C68E7B5E-6C99-9344-FE48-C0B844179797}.Release|Any CPU.Build.0 = Release|Any CPU
		{21E8C8D4-9BEE-11E8-CA44-02B6439B9E1E}.Debug|Any CPU.ActiveCfg = Debug|Any CPU
		{21E8C8D4-9BEE-11E8-CA44-02B6439B9E1E}.Debug|Any CPU.Build.0 = Debug|Any CPU
		{21E8C8D4-9BEE-11E8-CA44-02B6439B9E1E}.Release|Any CPU.ActiveCfg = Release|Any CPU
		{21E8C8D4-9BEE-11E8-CA44-02B6439B9E1E}.Release|Any CPU.Build.0 = Release|Any CPU
		{388A7BF1-BDC0-5B46-EED7-3B9275BB2A4A}.Debug|Any CPU.ActiveCfg = Debug|Any CPU
		{388A7BF1-BDC0-5B46-EED7-3B9275BB2A4A}.Debug|Any CPU.Build.0 = Debug|Any CPU
		{388A7BF1-BDC0-5B46-EED7-3B9275BB2A4A}.Release|Any CPU.ActiveCfg = Release|Any CPU
		{388A7BF1-BDC0-5B46-EED7-3B9275BB2A4A}.Release|Any CPU.Build.0 = Release|Any CPU
		{B46DD5D6-2F58-0F38-B0ED-D4C19DBB2F7D}.Debug|Any CPU.ActiveCfg = Debug|Any CPU
		{B46DD5D6-2F58-0F38-B0ED-D4C19DBB2F7D}.Debug|Any CPU.Build.0 = Debug|Any CPU
		{B46DD5D6-2F58-0F38-B0ED-D4C19DBB2F7D}.Release|Any CPU.ActiveCfg = Release|Any CPU
		{B46DD5D6-2F58-0F38-B0ED-D4C19DBB2F7D}.Release|Any CPU.Build.0 = Release|Any CPU
		{3E12CA6A-A39B-1057-5B34-8F99AF28DA9D}.Debug|Any CPU.ActiveCfg = Debug|Any CPU
		{3E12CA6A-A39B-1057-5B34-8F99AF28DA9D}.Debug|Any CPU.Build.0 = Debug|Any CPU
		{3E12CA6A-A39B-1057-5B34-8F99AF28DA9D}.Release|Any CPU.ActiveCfg = Release|Any CPU
		{3E12CA6A-A39B-1057-5B34-8F99AF28DA9D}.Release|Any CPU.Build.0 = Release|Any CPU
		{8070A55B-6F1A-2149-7E34-88CA3A44E4A2}.Debug|Any CPU.ActiveCfg = Debug|Any CPU
		{8070A55B-6F1A-2149-7E34-88CA3A44E4A2}.Debug|Any CPU.Build.0 = Debug|Any CPU
		{8070A55B-6F1A-2149-7E34-88CA3A44E4A2}.Release|Any CPU.ActiveCfg = Release|Any CPU
		{8070A55B-6F1A-2149-7E34-88CA3A44E4A2}.Release|Any CPU.Build.0 = Release|Any CPU
		{A2BAA574-D0C2-88E7-F591-6E9B189D37B3}.Debug|Any CPU.ActiveCfg = Debug|Any CPU
		{A2BAA574-D0C2-88E7-F591-6E9B189D37B3}.Debug|Any CPU.Build.0 = Debug|Any CPU
		{A2BAA574-D0C2-88E7-F591-6E9B189D37B3}.Release|Any CPU.ActiveCfg = Release|Any CPU
		{A2BAA574-D0C2-88E7-F591-6E9B189D37B3}.Release|Any CPU.Build.0 = Release|Any CPU
		{16CC4846-E092-E9E0-F412-E9994AECDBCF}.Debug|Any CPU.ActiveCfg = Debug|Any CPU
		{16CC4846-E092-E9E0-F412-E9994AECDBCF}.Debug|Any CPU.Build.0 = Debug|Any CPU
		{16CC4846-E092-E9E0-F412-E9994AECDBCF}.Release|Any CPU.ActiveCfg = Release|Any CPU
		{16CC4846-E092-E9E0-F412-E9994AECDBCF}.Release|Any CPU.Build.0 = Release|Any CPU
		{AB7945ED-C318-2CA1-2EAD-57569DF2737F}.Debug|Any CPU.ActiveCfg = Debug|Any CPU
		{AB7945ED-C318-2CA1-2EAD-57569DF2737F}.Debug|Any CPU.Build.0 = Debug|Any CPU
		{AB7945ED-C318-2CA1-2EAD-57569DF2737F}.Release|Any CPU.ActiveCfg = Release|Any CPU
		{AB7945ED-C318-2CA1-2EAD-57569DF2737F}.Release|Any CPU.Build.0 = Release|Any CPU
		{65D7228B-DDB9-AD06-0A3E-F046A604FEE8}.Debug|Any CPU.ActiveCfg = Debug|Any CPU
		{65D7228B-DDB9-AD06-0A3E-F046A604FEE8}.Debug|Any CPU.Build.0 = Debug|Any CPU
		{65D7228B-DDB9-AD06-0A3E-F046A604FEE8}.Release|Any CPU.ActiveCfg = Release|Any CPU
		{65D7228B-DDB9-AD06-0A3E-F046A604FEE8}.Release|Any CPU.Build.0 = Release|Any CPU
		{B58F9196-6F09-DAAC-A380-2BADD1AB77A5}.Debug|Any CPU.ActiveCfg = Debug|Any CPU
		{B58F9196-6F09-DAAC-A380-2BADD1AB77A5}.Debug|Any CPU.Build.0 = Debug|Any CPU
		{B58F9196-6F09-DAAC-A380-2BADD1AB77A5}.Release|Any CPU.ActiveCfg = Release|Any CPU
		{B58F9196-6F09-DAAC-A380-2BADD1AB77A5}.Release|Any CPU.Build.0 = Release|Any CPU
	EndGlobalSection
	GlobalSection(SolutionProperties) = preSolution
		HideSolutionNode = FALSE
	EndGlobalSection
EndGlobal
