
Microsoft Visual Studio Solution File, Format Version 12.00
# Visual Studio Version 17
VisualStudioVersion = 17.11.35222.181
MinimumVisualStudioVersion = 10.0.40219.1
Project("{9A19103F-16F7-4668-BE54-9A1E7A4F7556}") = "Zork", "Zork.csproj", "{C9520FE2-685F-4B67-A9A0-84ABB462F921}"
EndProject
Global
	GlobalSection(SolutionConfigurationPlatforms) = preSolution
		Debug|Any CPU = Debug|Any CPU
		Release|Any CPU = Release|Any CPU
	EndGlobalSection
	GlobalSection(ProjectConfigurationPlatforms) = postSolution
		{C9520FE2-685F-4B67-A9A0-84ABB462F921}.Debug|Any CPU.ActiveCfg = Debug|Any CPU
		{C9520FE2-685F-4B67-A9A0-84ABB462F921}.Debug|Any CPU.Build.0 = Debug|Any CPU
		{C9520FE2-685F-4B67-A9A0-84ABB462F921}.Release|Any CPU.ActiveCfg = Release|Any CPU
		{C9520FE2-685F-4B67-A9A0-84ABB462F921}.Release|Any CPU.Build.0 = Release|Any CPU
	EndGlobalSection
	GlobalSection(SolutionProperties) = preSolution
		HideSolutionNode = FALSE
	EndGlobalSection
	GlobalSection(ExtensibilityGlobals) = postSolution
		SolutionGuid = {5D7A44A2-461D-4E78-A209-1654E64FE547}
	EndGlobalSection
EndGlobal
